// !$*UTF8*$!
{
	archiveVersion = 1;
	classes = {
	};
	objectVersion = 55;
	objects = {

/* Begin PBXBuildFile section */
		602EABF827F5AB0200DF217C /* GoogleService-Info.plist in Resources */ = {isa = PBXBuildFile; fileRef = 602EABF727F5AB0200DF217C /* GoogleService-Info.plist */; };
		602EABFB27F5AD7900DF217C /* FirebaseAnalytics in Frameworks */ = {isa = PBXBuildFile; productRef = 602EABFA27F5AD7900DF217C /* FirebaseAnalytics */; };
		602EABFD27F5AD7900DF217C /* FirebaseAuth in Frameworks */ = {isa = PBXBuildFile; productRef = 602EABFC27F5AD7900DF217C /* FirebaseAuth */; };
		602EABFF27F5D13F00DF217C /* FireBaseAuthManager.swift in Sources */ = {isa = PBXBuildFile; fileRef = 602EABFE27F5D13F00DF217C /* FireBaseAuthManager.swift */; };
		602EAC0127F63F9C00DF217C /* SingUpViewController.swift in Sources */ = {isa = PBXBuildFile; fileRef = 602EAC0027F63F9C00DF217C /* SingUpViewController.swift */; };
		602EAC0427F6F73F00DF217C /* LogInViewController.swift in Sources */ = {isa = PBXBuildFile; fileRef = 602EAC0327F6F73F00DF217C /* LogInViewController.swift */; };
		602EAC0627F6F74E00DF217C /* HomeViewController.swift in Sources */ = {isa = PBXBuildFile; fileRef = 602EAC0527F6F74E00DF217C /* HomeViewController.swift */; };
		602F596027E8A65400F8CE3D /* AppDelegate.swift in Sources */ = {isa = PBXBuildFile; fileRef = 602F595F27E8A65400F8CE3D /* AppDelegate.swift */; };
		602F596227E8A65400F8CE3D /* SceneDelegate.swift in Sources */ = {isa = PBXBuildFile; fileRef = 602F596127E8A65400F8CE3D /* SceneDelegate.swift */; };
		602F596427E8A65400F8CE3D /* ViewController.swift in Sources */ = {isa = PBXBuildFile; fileRef = 602F596327E8A65400F8CE3D /* ViewController.swift */; };
		602F596727E8A65400F8CE3D /* Main.storyboard in Resources */ = {isa = PBXBuildFile; fileRef = 602F596527E8A65400F8CE3D /* Main.storyboard */; };
		602F596927E8A65500F8CE3D /* Assets.xcassets in Resources */ = {isa = PBXBuildFile; fileRef = 602F596827E8A65500F8CE3D /* Assets.xcassets */; };
		602F596C27E8A65500F8CE3D /* LaunchScreen.storyboard in Resources */ = {isa = PBXBuildFile; fileRef = 602F596A27E8A65500F8CE3D /* LaunchScreen.storyboard */; };
		60C7952F27FCAE1D007B149C /* FirebaseFirestore in Frameworks */ = {isa = PBXBuildFile; productRef = 60C7952E27FCAE1D007B149C /* FirebaseFirestore */; };
/* End PBXBuildFile section */

/* Begin PBXFileReference section */
		602EABF727F5AB0200DF217C /* GoogleService-Info.plist */ = {isa = PBXFileReference; fileEncoding = 4; lastKnownFileType = text.plist.xml; path = "GoogleService-Info.plist"; sourceTree = "<group>"; };
		602EABFE27F5D13F00DF217C /* FireBaseAuthManager.swift */ = {isa = PBXFileReference; lastKnownFileType = sourcecode.swift; path = FireBaseAuthManager.swift; sourceTree = "<group>"; };
		602EAC0027F63F9C00DF217C /* SingUpViewController.swift */ = {isa = PBXFileReference; lastKnownFileType = sourcecode.swift; path = SingUpViewController.swift; sourceTree = "<group>"; };
		602EAC0327F6F73F00DF217C /* LogInViewController.swift */ = {isa = PBXFileReference; lastKnownFileType = sourcecode.swift; path = LogInViewController.swift; sourceTree = "<group>"; };
		602EAC0527F6F74E00DF217C /* HomeViewController.swift */ = {isa = PBXFileReference; lastKnownFileType = sourcecode.swift; path = HomeViewController.swift; sourceTree = "<group>"; };
		602F595C27E8A65400F8CE3D /* FireBaseRegister.app */ = {isa = PBXFileReference; explicitFileType = wrapper.application; includeInIndex = 0; path = FireBaseRegister.app; sourceTree = BUILT_PRODUCTS_DIR; };
		602F595F27E8A65400F8CE3D /* AppDelegate.swift */ = {isa = PBXFileReference; lastKnownFileType = sourcecode.swift; path = AppDelegate.swift; sourceTree = "<group>"; };
		602F596127E8A65400F8CE3D /* SceneDelegate.swift */ = {isa = PBXFileReference; lastKnownFileType = sourcecode.swift; path = SceneDelegate.swift; sourceTree = "<group>"; };
		602F596327E8A65400F8CE3D /* ViewController.swift */ = {isa = PBXFileReference; lastKnownFileType = sourcecode.swift; path = ViewController.swift; sourceTree = "<group>"; };
		602F596627E8A65400F8CE3D /* Base */ = {isa = PBXFileReference; lastKnownFileType = file.storyboard; name = Base; path = Base.lproj/Main.storyboard; sourceTree = "<group>"; };
		602F596827E8A65500F8CE3D /* Assets.xcassets */ = {isa = PBXFileReference; lastKnownFileType = folder.assetcatalog; path = Assets.xcassets; sourceTree = "<group>"; };
		602F596B27E8A65500F8CE3D /* Base */ = {isa = PBXFileReference; lastKnownFileType = file.storyboard; name = Base; path = Base.lproj/LaunchScreen.storyboard; sourceTree = "<group>"; };
		602F596D27E8A65500F8CE3D /* Info.plist */ = {isa = PBXFileReference; lastKnownFileType = text.plist.xml; path = Info.plist; sourceTree = "<group>"; };
/* End PBXFileReference section */

/* Begin PBXFrameworksBuildPhase section */
		602F595927E8A65400F8CE3D /* Frameworks */ = {
			isa = PBXFrameworksBuildPhase;
			buildActionMask = 2147483647;
			files = (
				602EABFB27F5AD7900DF217C /* FirebaseAnalytics in Frameworks */,
				602EABFD27F5AD7900DF217C /* FirebaseAuth in Frameworks */,
				60C7952F27FCAE1D007B149C /* FirebaseFirestore in Frameworks */,
			);
			runOnlyForDeploymentPostprocessing = 0;
		};
/* End PBXFrameworksBuildPhase section */

/* Begin PBXGroup section */
		602EAC0227F6F70000DF217C /* ViewControllers */ = {
			isa = PBXGroup;
			children = (
				602F596327E8A65400F8CE3D /* ViewController.swift */,
				602EAC0027F63F9C00DF217C /* SingUpViewController.swift */,
				602EAC0327F6F73F00DF217C /* LogInViewController.swift */,
				602EAC0527F6F74E00DF217C /* HomeViewController.swift */,
			);
			path = ViewControllers;
			sourceTree = "<group>";
		};
		602F595327E8A65400F8CE3D = {
			isa = PBXGroup;
			children = (
				602F595E27E8A65400F8CE3D /* FireBaseRegister */,
				602F595D27E8A65400F8CE3D /* Products */,
				60C7952D27FCAE1D007B149C /* Frameworks */,
			);
			sourceTree = "<group>";
		};
		602F595D27E8A65400F8CE3D /* Products */ = {
			isa = PBXGroup;
			children = (
				602F595C27E8A65400F8CE3D /* FireBaseRegister.app */,
			);
			name = Products;
			sourceTree = "<group>";
		};
		602F595E27E8A65400F8CE3D /* FireBaseRegister */ = {
			isa = PBXGroup;
			children = (
				602F595F27E8A65400F8CE3D /* AppDelegate.swift */,
				602F596127E8A65400F8CE3D /* SceneDelegate.swift */,
				602EABFE27F5D13F00DF217C /* FireBaseAuthManager.swift */,
				602EAC0227F6F70000DF217C /* ViewControllers */,
				602F596527E8A65400F8CE3D /* Main.storyboard */,
				602F596827E8A65500F8CE3D /* Assets.xcassets */,
				602F596A27E8A65500F8CE3D /* LaunchScreen.storyboard */,
				602F596D27E8A65500F8CE3D /* Info.plist */,
				602EABF727F5AB0200DF217C /* GoogleService-Info.plist */,
			);
			path = FireBaseRegister;
			sourceTree = "<group>";
		};
		60C7952D27FCAE1D007B149C /* Frameworks */ = {
			isa = PBXGroup;
			children = (
			);
			name = Frameworks;
			sourceTree = "<group>";
		};
/* End PBXGroup section */

/* Begin PBXNativeTarget section */
		602F595B27E8A65400F8CE3D /* FireBaseRegister */ = {
			isa = PBXNativeTarget;
			buildConfigurationList = 602F597027E8A65500F8CE3D /* Build configuration list for PBXNativeTarget "FireBaseRegister" */;
			buildPhases = (
				602F595827E8A65400F8CE3D /* Sources */,
				602F595927E8A65400F8CE3D /* Frameworks */,
				602F595A27E8A65400F8CE3D /* Resources */,
			);
			buildRules = (
			);
			dependencies = (
			);
			name = FireBaseRegister;
			packageProductDependencies = (
				602EABFA27F5AD7900DF217C /* FirebaseAnalytics */,
				602EABFC27F5AD7900DF217C /* FirebaseAuth */,
				60C7952E27FCAE1D007B149C /* FirebaseFirestore */,
			);
			productName = FireBaseRegister;
			productReference = 602F595C27E8A65400F8CE3D /* FireBaseRegister.app */;
			productType = "com.apple.product-type.application";
		};
/* End PBXNativeTarget section */

/* Begin PBXProject section */
		602F595427E8A65400F8CE3D /* Project object */ = {
			isa = PBXProject;
			attributes = {
				BuildIndependentTargetsInParallel = 1;
				LastSwiftUpdateCheck = 1320;
				LastUpgradeCheck = 1320;
				TargetAttributes = {
					602F595B27E8A65400F8CE3D = {
						CreatedOnToolsVersion = 13.2.1;
					};
				};
			};
			buildConfigurationList = 602F595727E8A65400F8CE3D /* Build configuration list for PBXProject "FireBaseRegister" */;
			compatibilityVersion = "Xcode 13.0";
			developmentRegion = en;
			hasScannedForEncodings = 0;
			knownRegions = (
				en,
				Base,
			);
			mainGroup = 602F595327E8A65400F8CE3D;
			packageReferences = (
				602EABF927F5AD7900DF217C /* XCRemoteSwiftPackageReference "firebase-ios-sdk" */,
			);
			productRefGroup = 602F595D27E8A65400F8CE3D /* Products */;
			projectDirPath = "";
			projectRoot = "";
			targets = (
				602F595B27E8A65400F8CE3D /* FireBaseRegister */,
			);
		};
/* End PBXProject section */

/* Begin PBXResourcesBuildPhase section */
		602F595A27E8A65400F8CE3D /* Resources */ = {
			isa = PBXResourcesBuildPhase;
			buildActionMask = 2147483647;
			files = (
				602F596C27E8A65500F8CE3D /* LaunchScreen.storyboard in Resources */,
				602EABF827F5AB0200DF217C /* GoogleService-Info.plist in Resources */,
				602F596927E8A65500F8CE3D /* Assets.xcassets in Resources */,
				602F596727E8A65400F8CE3D /* Main.storyboard in Resources */,
			);
			runOnlyForDeploymentPostprocessing = 0;
		};
/* End PBXResourcesBuildPhase section */

/* Begin PBXSourcesBuildPhase section */
		602F595827E8A65400F8CE3D /* Sources */ = {
			isa = PBXSourcesBuildPhase;
			buildActionMask = 2147483647;
			files = (
				602F596427E8A65400F8CE3D /* ViewController.swift in Sources */,
				602EABFF27F5D13F00DF217C /* FireBaseAuthManager.swift in Sources */,
				602EAC0427F6F73F00DF217C /* LogInViewController.swift in Sources */,
				602EAC0127F63F9C00DF217C /* SingUpViewController.swift in Sources */,
				602F596027E8A65400F8CE3D /* AppDelegate.swift in Sources */,
				602EAC0627F6F74E00DF217C /* HomeViewController.swift in Sources */,
				602F596227E8A65400F8CE3D /* SceneDelegate.swift in Sources */,
			);
			runOnlyForDeploymentPostprocessing = 0;
		};
/* End PBXSourcesBuildPhase section */

/* Begin PBXVariantGroup section */
		602F596527E8A65400F8CE3D /* Main.storyboard */ = {
			isa = PBXVariantGroup;
			children = (
				602F596627E8A65400F8CE3D /* Base */,
			);
			name = Main.storyboard;
			sourceTree = "<group>";
		};
		602F596A27E8A65500F8CE3D /* LaunchScreen.storyboard */ = {
			isa = PBXVariantGroup;
			children = (
				602F596B27E8A65500F8CE3D /* Base */,
			);
			name = LaunchScreen.storyboard;
			sourceTree = "<group>";
		};
/* End PBXVariantGroup section */

/* Begin XCBuildConfiguration section */
		602F596E27E8A65500F8CE3D /* Debug */ = {
			isa = XCBuildConfiguration;
			buildSettings = {
				ALWAYS_SEARCH_USER_PATHS = NO;
				CLANG_ANALYZER_NONNULL = YES;
				CLANG_ANALYZER_NUMBER_OBJECT_CONVERSION = YES_AGGRESSIVE;
				CLANG_CXX_LANGUAGE_STANDARD = "gnu++17";
				CLANG_CXX_LIBRARY = "libc++";
				CLANG_ENABLE_MODULES = YES;
				CLANG_ENABLE_OBJC_ARC = YES;
				CLANG_ENABLE_OBJC_WEAK = YES;
				CLANG_WARN_BLOCK_CAPTURE_AUTORELEASING = YES;
				CLANG_WARN_BOOL_CONVERSION = YES;
				CLANG_WARN_COMMA = YES;
				CLANG_WARN_CONSTANT_CONVERSION = YES;
				CLANG_WARN_DEPRECATED_OBJC_IMPLEMENTATIONS = YES;
				CLANG_WARN_DIRECT_OBJC_ISA_USAGE = YES_ERROR;
				CLANG_WARN_DOCUMENTATION_COMMENTS = YES;
				CLANG_WARN_EMPTY_BODY = YES;
				CLANG_WARN_ENUM_CONVERSION = YES;
				CLANG_WARN_INFINITE_RECURSION = YES;
				CLANG_WARN_INT_CONVERSION = YES;
				CLANG_WARN_NON_LITERAL_NULL_CONVERSION = YES;
				CLANG_WARN_OBJC_IMPLICIT_RETAIN_SELF = YES;
				CLANG_WARN_OBJC_LITERAL_CONVERSION = YES;
				CLANG_WARN_OBJC_ROOT_CLASS = YES_ERROR;
				CLANG_WARN_QUOTED_INCLUDE_IN_FRAMEWORK_HEADER = YES;
				CLANG_WARN_RANGE_LOOP_ANALYSIS = YES;
				CLANG_WARN_STRICT_PROTOTYPES = YES;
				CLANG_WARN_SUSPICIOUS_MOVE = YES;
				CLANG_WARN_UNGUARDED_AVAILABILITY = YES_AGGRESSIVE;
				CLANG_WARN_UNREACHABLE_CODE = YES;
				CLANG_WARN__DUPLICATE_METHOD_MATCH = YES;
				COPY_PHASE_STRIP = NO;
				DEBUG_INFORMATION_FORMAT = dwarf;
				ENABLE_STRICT_OBJC_MSGSEND = YES;
				ENABLE_TESTABILITY = YES;
				GCC_C_LANGUAGE_STANDARD = gnu11;
				GCC_DYNAMIC_NO_PIC = NO;
				GCC_NO_COMMON_BLOCKS = YES;
				GCC_OPTIMIZATION_LEVEL = 0;
				GCC_PREPROCESSOR_DEFINITIONS = (
					"DEBUG=1",
					"$(inherited)",
				);
				GCC_WARN_64_TO_32_BIT_CONVERSION = YES;
				GCC_WARN_ABOUT_RETURN_TYPE = YES_ERROR;
				GCC_WARN_UNDECLARED_SELECTOR = YES;
				GCC_WARN_UNINITIALIZED_AUTOS = YES_AGGRESSIVE;
				GCC_WARN_UNUSED_FUNCTION = YES;
				GCC_WARN_UNUSED_VARIABLE = YES;
				IPHONEOS_DEPLOYMENT_TARGET = 15.2;
				MTL_ENABLE_DEBUG_INFO = INCLUDE_SOURCE;
				MTL_FAST_MATH = YES;
				ONLY_ACTIVE_ARCH = YES;
				SDKROOT = iphoneos;
				SWIFT_ACTIVE_COMPILATION_CONDITIONS = DEBUG;
				SWIFT_OPTIMIZATION_LEVEL = "-Onone";
			};
			name = Debug;
		};
		602F596F27E8A65500F8CE3D /* Release */ = {
			isa = XCBuildConfiguration;
			buildSettings = {
				ALWAYS_SEARCH_USER_PATHS = NO;
				CLANG_ANALYZER_NONNULL = YES;
				CLANG_ANALYZER_NUMBER_OBJECT_CONVERSION = YES_AGGRESSIVE;
				CLANG_CXX_LANGUAGE_STANDARD = "gnu++17";
				CLANG_CXX_LIBRARY = "libc++";
				CLANG_ENABLE_MODULES = YES;
				CLANG_ENABLE_OBJC_ARC = YES;
				CLANG_ENABLE_OBJC_WEAK = YES;
				CLANG_WARN_BLOCK_CAPTURE_AUTORELEASING = YES;
				CLANG_WARN_BOOL_CONVERSION = YES;
				CLANG_WARN_COMMA = YES;
				CLANG_WARN_CONSTANT_CONVERSION = YES;
				CLANG_WARN_DEPRECATED_OBJC_IMPLEMENTATIONS = YES;
				CLANG_WARN_DIRECT_OBJC_ISA_USAGE = YES_ERROR;
				CLANG_WARN_DOCUMENTATION_COMMENTS = YES;
				CLANG_WARN_EMPTY_BODY = YES;
				CLANG_WARN_ENUM_CONVERSION = YES;
				CLANG_WARN_INFINITE_RECURSION = YES;
				CLANG_WARN_INT_CONVERSION = YES;
				CLANG_WARN_NON_LITERAL_NULL_CONVERSION = YES;
				CLANG_WARN_OBJC_IMPLICIT_RETAIN_SELF = YES;
				CLANG_WARN_OBJC_LITERAL_CONVERSION = YES;
				CLANG_WARN_OBJC_ROOT_CLASS = YES_ERROR;
				CLANG_WARN_QUOTED_INCLUDE_IN_FRAMEWORK_HEADER = YES;
				CLANG_WARN_RANGE_LOOP_ANALYSIS = YES;
				CLANG_WARN_STRICT_PROTOTYPES = YES;
				CLANG_WARN_SUSPICIOUS_MOVE = YES;
				CLANG_WARN_UNGUARDED_AVAILABILITY = YES_AGGRESSIVE;
				CLANG_WARN_UNREACHABLE_CODE = YES;
				CLANG_WARN__DUPLICATE_METHOD_MATCH = YES;
				COPY_PHASE_STRIP = NO;
				DEBUG_INFORMATION_FORMAT = "dwarf-with-dsym";
				ENABLE_NS_ASSERTIONS = NO;
				ENABLE_STRICT_OBJC_MSGSEND = YES;
				GCC_C_LANGUAGE_STANDARD = gnu11;
				GCC_NO_COMMON_BLOCKS = YES;
				GCC_WARN_64_TO_32_BIT_CONVERSION = YES;
				GCC_WARN_ABOUT_RETURN_TYPE = YES_ERROR;
				GCC_WARN_UNDECLARED_SELECTOR = YES;
				GCC_WARN_UNINITIALIZED_AUTOS = YES_AGGRESSIVE;
				GCC_WARN_UNUSED_FUNCTION = YES;
				GCC_WARN_UNUSED_VARIABLE = YES;
				IPHONEOS_DEPLOYMENT_TARGET = 15.2;
				MTL_ENABLE_DEBUG_INFO = NO;
				MTL_FAST_MATH = YES;
				SDKROOT = iphoneos;
				SWIFT_COMPILATION_MODE = wholemodule;
				SWIFT_OPTIMIZATION_LEVEL = "-O";
				VALIDATE_PRODUCT = YES;
			};
			name = Release;
		};
		602F597127E8A65500F8CE3D /* Debug */ = {
			isa = XCBuildConfiguration;
			buildSettings = {
				ASSETCATALOG_COMPILER_APPICON_NAME = AppIcon;
				ASSETCATALOG_COMPILER_GLOBAL_ACCENT_COLOR_NAME = AccentColor;
				CODE_SIGN_STYLE = Automatic;
				CURRENT_PROJECT_VERSION = 1;
				GENERATE_INFOPLIST_FILE = YES;
				INFOPLIST_FILE = FireBaseRegister/Info.plist;
				INFOPLIST_KEY_UIApplicationSupportsIndirectInputEvents = YES;
				INFOPLIST_KEY_UILaunchStoryboardName = LaunchScreen;
				INFOPLIST_KEY_UIMainStoryboardFile = Main;
				INFOPLIST_KEY_UISupportedInterfaceOrientations_iPad = "UIInterfaceOrientationPortrait UIInterfaceOrientationPortraitUpsideDown UIInterfaceOrientationLandscapeLeft UIInterfaceOrientationLandscapeRight";
				INFOPLIST_KEY_UISupportedInterfaceOrientations_iPhone = "UIInterfaceOrientationPortrait UIInterfaceOrientationLandscapeLeft UIInterfaceOrientationLandscapeRight";
				LD_RUNPATH_SEARCH_PATHS = (
					"$(inherited)",
					"@executable_path/Frameworks",
				);
				MARKETING_VERSION = 1.0;
				PRODUCT_BUNDLE_IDENTIFIER = NatiaLobzhanidze.FireBaseRegister;
				PRODUCT_NAME = "$(TARGET_NAME)";
				SWIFT_EMIT_LOC_STRINGS = YES;
				SWIFT_VERSION = 5.0;
				TARGETED_DEVICE_FAMILY = "1,2";
			};
			name = Debug;
		};
		602F597227E8A65500F8CE3D /* Release */ = {
			isa = XCBuildConfiguration;
			buildSettings = {
				ASSETCATALOG_COMPILER_APPICON_NAME = AppIcon;
				ASSETCATALOG_COMPILER_GLOBAL_ACCENT_COLOR_NAME = AccentColor;
				CODE_SIGN_STYLE = Automatic;
				CURRENT_PROJECT_VERSION = 1;
				GENERATE_INFOPLIST_FILE = YES;
				INFOPLIST_FILE = FireBaseRegister/Info.plist;
				INFOPLIST_KEY_UIApplicationSupportsIndirectInputEvents = YES;
				INFOPLIST_KEY_UILaunchStoryboardName = LaunchScreen;
				INFOPLIST_KEY_UIMainStoryboardFile = Main;
				INFOPLIST_KEY_UISupportedInterfaceOrientations_iPad = "UIInterfaceOrientationPortrait UIInterfaceOrientationPortraitUpsideDown UIInterfaceOrientationLandscapeLeft UIInterfaceOrientationLandscapeRight";
				INFOPLIST_KEY_UISupportedInterfaceOrientations_iPhone = "UIInterfaceOrientationPortrait UIInterfaceOrientationLandscapeLeft UIInterfaceOrientationLandscapeRight";
				LD_RUNPATH_SEARCH_PATHS = (
					"$(inherited)",
					"@executable_path/Frameworks",
				);
				MARKETING_VERSION = 1.0;
				PRODUCT_BUNDLE_IDENTIFIER = NatiaLobzhanidze.FireBaseRegister;
				PRODUCT_NAME = "$(TARGET_NAME)";
				SWIFT_EMIT_LOC_STRINGS = YES;
				SWIFT_VERSION = 5.0;
				TARGETED_DEVICE_FAMILY = "1,2";
			};
			name = Release;
		};
/* End XCBuildConfiguration section */

/* Begin XCConfigurationList section */
		602F595727E8A65400F8CE3D /* Build configuration list for PBXProject "FireBaseRegister" */ = {
			isa = XCConfigurationList;
			buildConfigurations = (
				602F596E27E8A65500F8CE3D /* Debug */,
				602F596F27E8A65500F8CE3D /* Release */,
			);
			defaultConfigurationIsVisible = 0;
			defaultConfigurationName = Release;
		};
		602F597027E8A65500F8CE3D /* Build configuration list for PBXNativeTarget "FireBaseRegister" */ = {
			isa = XCConfigurationList;
			buildConfigurations = (
				602F597127E8A65500F8CE3D /* Debug */,
				602F597227E8A65500F8CE3D /* Release */,
			);
			defaultConfigurationIsVisible = 0;
			defaultConfigurationName = Release;
		};
/* End XCConfigurationList section */

/* Begin XCRemoteSwiftPackageReference section */
		602EABF927F5AD7900DF217C /* XCRemoteSwiftPackageReference "firebase-ios-sdk" */ = {
			isa = XCRemoteSwiftPackageReference;
			repositoryURL = "https://github.com/firebase/firebase-ios-sdk";
			requirement = {
				kind = upToNextMajorVersion;
				minimumVersion = 8.0.0;
			};
		};
/* End XCRemoteSwiftPackageReference section */

/* Begin XCSwiftPackageProductDependency section */
		602EABFA27F5AD7900DF217C /* FirebaseAnalytics */ = {
			isa = XCSwiftPackageProductDependency;
			package = 602EABF927F5AD7900DF217C /* XCRemoteSwiftPackageReference "firebase-ios-sdk" */;
			productName = FirebaseAnalytics;
		};
		602EABFC27F5AD7900DF217C /* FirebaseAuth */ = {
			isa = XCSwiftPackageProductDependency;
			package = 602EABF927F5AD7900DF217C /* XCRemoteSwiftPackageReference "firebase-ios-sdk" */;
			productName = FirebaseAuth;
		};
		60C7952E27FCAE1D007B149C /* FirebaseFirestore */ = {
			isa = XCSwiftPackageProductDependency;
			package = 602EABF927F5AD7900DF217C /* XCRemoteSwiftPackageReference "firebase-ios-sdk" */;
			productName = FirebaseFirestore;
		};
/* End XCSwiftPackageProductDependency section */
	};
	rootObject = 602F595427E8A65400F8CE3D /* Project object */;
}
